
Microsoft Visual Studio Solution File, Format Version 12.00
# Visual Studio 2013
VisualStudioVersion = 12.0.31101.0
MinimumVisualStudioVersion = 10.0.40219.1
Project("{FAE04EC0-301F-11D3-BF4B-00C04F79EFBC}") = "Proba_1.ODataBackend", "ODataBackend/Proba_1.ODataBackend.csproj", "{1A739CFF-E1E8-4DB3-A7D8-2CB4C98A3DB9}"
EndProject
Project("{FAE04EC0-301F-11D3-BF4B-00C04F79EFBC}") = "Proba_1.Objects", "Objects/Proba_1.Objects.csproj", "{F3EA28D5-D5EB-4D1B-A2AC-FDD879B7E04E}"
EndProject
Global
	GlobalSection(SolutionConfigurationPlatforms) = preSolution
Debug|Any CPU = Debug|Any CPU
Release|Any CPU = Release|Any CPU
	EndGlobalSection
	GlobalSection(ProjectConfigurationPlatforms) = postSolution
		{1A739CFF-E1E8-4DB3-A7D8-2CB4C98A3DB9}.Debug|Any CPU.ActiveCfg = Debug|Any CPU
		{1A739CFF-E1E8-4DB3-A7D8-2CB4C98A3DB9}.Debug|Any CPU.Build.0 = Debug|Any CPU
		{1A739CFF-E1E8-4DB3-A7D8-2CB4C98A3DB9}.Release|Any CPU.ActiveCfg = Release|Any CPU
		{1A739CFF-E1E8-4DB3-A7D8-2CB4C98A3DB9}.Release|Any CPU.Build.0 = Release|Any CPU
		{F3EA28D5-D5EB-4D1B-A2AC-FDD879B7E04E}.Debug|Any CPU.ActiveCfg = Debug|Any CPU
		{F3EA28D5-D5EB-4D1B-A2AC-FDD879B7E04E}.Debug|Any CPU.Build.0 = Debug|Any CPU
		{F3EA28D5-D5EB-4D1B-A2AC-FDD879B7E04E}.Release|Any CPU.ActiveCfg = Release|Any CPU
		{F3EA28D5-D5EB-4D1B-A2AC-FDD879B7E04E}.Release|Any CPU.Build.0 = Release|Any CPU
	EndGlobalSection
	GlobalSection(SolutionProperties) = preSolution
		HideSolutionNode = FALSE
	EndGlobalSection
EndGlobal
